
Microsoft Visual Studio Solution File, Format Version 12.00
# Visual Studio 15
Project("{FAE04EC0-301F-11D3-BF4B-00C04F79EFBC}") = "Assembly-CSharp", "Assembly-CSharp.csproj", "{C2F505E7-FAA0-551F-08A3-143726D775FB}"
EndProject
Project("{FAE04EC0-301F-11D3-BF4B-00C04F79EFBC}") = "Assembly-CSharp-firstpass", "Assembly-CSharp-firstpass.csproj", "{BD43CA30-D593-04F9-54F4-E4D15D873590}"
EndProject
Project("{FAE04EC0-301F-11D3-BF4B-00C04F79EFBC}") = "Assembly-CSharp-Editor-firstpass", "Assembly-CSharp-Editor-firstpass.csproj", "{D38BF0F2-2394-8B08-AA50-5A35AE872EB4}"
EndProject
Global
	GlobalSection(SolutionConfigurationPlatforms) = preSolution
		Debug|Any CPU = Debug|Any CPU
		Release|Any CPU = Release|Any CPU
	EndGlobalSection
	GlobalSection(ProjectConfigurationPlatforms) = postSolution
		{C2F505E7-FAA0-551F-08A3-143726D775FB}.Debug|Any CPU.ActiveCfg = Debug|Any CPU
		{C2F505E7-FAA0-551F-08A3-143726D775FB}.Debug|Any CPU.Build.0 = Debug|Any CPU
		{C2F505E7-FAA0-551F-08A3-143726D775FB}.Release|Any CPU.ActiveCfg = Release|Any CPU
		{C2F505E7-FAA0-551F-08A3-143726D775FB}.Release|Any CPU.Build.0 = Release|Any CPU
		{BD43CA30-D593-04F9-54F4-E4D15D873590}.Debug|Any CPU.ActiveCfg = Debug|Any CPU
		{BD43CA30-D593-04F9-54F4-E4D15D873590}.Debug|Any CPU.Build.0 = Debug|Any CPU
		{BD43CA30-D593-04F9-54F4-E4D15D873590}.Release|Any CPU.ActiveCfg = Release|Any CPU
		{BD43CA30-D593-04F9-54F4-E4D15D873590}.Release|Any CPU.Build.0 = Release|Any CPU
		{D38BF0F2-2394-8B08-AA50-5A35AE872EB4}.Debug|Any CPU.ActiveCfg = Debug|Any CPU
		{D38BF0F2-2394-8B08-AA50-5A35AE872EB4}.Debug|Any CPU.Build.0 = Debug|Any CPU
		{D38BF0F2-2394-8B08-AA50-5A35AE872EB4}.Release|Any CPU.ActiveCfg = Release|Any CPU
		{D38BF0F2-2394-8B08-AA50-5A35AE872EB4}.Release|Any CPU.Build.0 = Release|Any CPU
	EndGlobalSection
	GlobalSection(SolutionProperties) = preSolution
		HideSolutionNode = FALSE
	EndGlobalSection
EndGlobal
